# THIS IS AN AUTOGENERATED FILE. DO NOT EDIT THIS FILE DIRECTLY.
# yarn lockfile v1


coinlist@^3.1.1:
  version "3.1.1"
  resolved "https://registry.yarnpkg.com/coinlist/-/coinlist-3.1.1.tgz#4de9b401ec74bdf9a86d4c7d2d7e7a2e883e0e8e"
  integrity sha512-If8gEhRNPaUXx60wAyCWHUNkaiB86ZGf7H61JnJTSulM0ijA3C9+3MPJ+Jgoq63eFqW4IXeCONrHQJHQgvOtbA==
